
Microsoft Visual Studio Solution File, Format Version 12.00
# Visual Studio 15
VisualStudioVersion = 15.0.27428.2005
MinimumVisualStudioVersion = 10.0.40219.1
Project("{FAE04EC0-301F-11D3-BF4B-00C04F79EFBC}") = "DummySample", "DummySample\DummySample.csproj", "{7F34F465-199C-45AE-B39C-9ED3B3EBC417}"
EndProject
Global
	GlobalSection(SolutionConfigurationPlatforms) = preSolution
		Debug|Any CPU = Debug|Any CPU
		Release|Any CPU = Release|Any CPU
	EndGlobalSection
	GlobalSection(ProjectConfigurationPlatforms) = postSolution
		{7F34F465-199C-45AE-B39C-9ED3B3EBC417}.Debug|Any CPU.ActiveCfg = Debug|Any CPU
		{7F34F465-199C-45AE-B39C-9ED3B3EBC417}.Debug|Any CPU.Build.0 = Debug|Any CPU
		{7F34F465-199C-45AE-B39C-9ED3B3EBC417}.Release|Any CPU.ActiveCfg = Release|Any CPU
		{7F34F465-199C-45AE-B39C-9ED3B3EBC417}.Release|Any CPU.Build.0 = Release|Any CPU
	EndGlobalSection
	GlobalSection(SolutionProperties) = preSolution
		HideSolutionNode = FALSE
	EndGlobalSection
	GlobalSection(ExtensibilityGlobals) = postSolution
		SolutionGuid = {29917004-674B-455B-8BA5-133F889ECA08}
	EndGlobalSection
EndGlobal
